
Microsoft Visual Studio Solution File, Format Version 12.00
# Visual Studio Version 17
VisualStudioVersion = 17.5.002.0
MinimumVisualStudioVersion = 10.0.40219.1
Project("{9A19103F-16F7-4668-BE54-9A1E7A4F7556}") = "api", "api\api.csproj", "{BA292C5A-B34C-46CD-AF18-28CFB4C83B58}"
EndProject
Global
	GlobalSection(SolutionConfigurationPlatforms) = preSolution
		Debug|Any CPU = Debug|Any CPU
		Release|Any CPU = Release|Any CPU
	EndGlobalSection
	GlobalSection(ProjectConfigurationPlatforms) = postSolution
		{BA292C5A-B34C-46CD-AF18-28CFB4C83B58}.Debug|Any CPU.ActiveCfg = Debug|Any CPU
		{BA292C5A-B34C-46CD-AF18-28CFB4C83B58}.Debug|Any CPU.Build.0 = Debug|Any CPU
		{BA292C5A-B34C-46CD-AF18-28CFB4C83B58}.Release|Any CPU.ActiveCfg = Release|Any CPU
		{BA292C5A-B34C-46CD-AF18-28CFB4C83B58}.Release|Any CPU.Build.0 = Release|Any CPU
	EndGlobalSection
	GlobalSection(SolutionProperties) = preSolution
		HideSolutionNode = FALSE
	EndGlobalSection
	GlobalSection(ExtensibilityGlobals) = postSolution
		SolutionGuid = {89E7B2FE-8C84-4B67-8161-6F05C08D91B0}
	EndGlobalSection
EndGlobal
